
Microsoft Visual Studio Solution File, Format Version 12.00
# Visual Studio 15
VisualStudioVersion = 15.0.27004.2008
MinimumVisualStudioVersion = 10.0.40219.1
Project("{8BC9CEB8-8B4A-11D0-8D11-00A0C91BC942}") = "CudaLight", "..\CudaLight\CudaLight\CudaLight.vcxproj", "{ACB311A5-3BB8-41F4-AA98-552FFCA078F2}"
EndProject
Project("{8BC9CEB8-8B4A-11D0-8D11-00A0C91BC942}") = "CudaLightKernels", "..\CudaLightKernels\CudaLightKernels.vcxproj", "{FEB675FC-E9C3-40FD-B987-CC8BF85888EC}"
EndProject
Project("{8BC9CEB8-8B4A-11D0-8D11-00A0C91BC942}") = "Npy++", "..\Npy++\Npy++.vcxproj", "{014413C8-BE38-48A4-9F99-9C98A08BC668}"
EndProject
Project("{8BC9CEB8-8B4A-11D0-8D11-00A0C91BC942}") = "PdeFiniteDifferenceKernels", "..\PdeFiniteDifferenceKernels\PdeFiniteDifferenceKernels.vcxproj", "{61B7561F-1E85-4A06-8ABA-74E4F0EEEF34}"
EndProject
Project("{8BC9CEB8-8B4A-11D0-8D11-00A0C91BC942}") = "TuringPatterns", "TuringPatterns\TuringPatterns.vcxproj", "{8A5AA9D0-27A7-4A8A-A389-1ED29AF7F08C}"
EndProject
Project("{8BC9CEB8-8B4A-11D0-8D11-00A0C91BC942}") = "PdeFiniteDifferenceSolverManager", "..\PdeFiniteDifferenceSolver\PdeFiniteDifferenceSolverManager\PdeFiniteDifferenceSolverManager.vcxproj", "{55A522FB-4950-488F-9B8A-2CD625A9AA15}"
EndProject
Project("{8BC9CEB8-8B4A-11D0-8D11-00A0C91BC942}") = "TuringPatternKernels", "TuringPatternKernels\TuringPatternKernels.vcxproj", "{3695B232-419E-46F9-98FE-8BDE862F6DC1}"
EndProject
Project("{8BC9CEB8-8B4A-11D0-8D11-00A0C91BC942}") = "forge", "..\forge\build\src\backend\opengl\forge.vcxproj", "{8F7F5DD3-9DD7-3108-BC1F-477092B67281}"
EndProject
Global
	GlobalSection(SolutionConfigurationPlatforms) = preSolution
		Debug|x64 = Debug|x64
		Debug|x86 = Debug|x86
		MinSizeRel|x64 = MinSizeRel|x64
		MinSizeRel|x86 = MinSizeRel|x86
		Release|x64 = Release|x64
		Release|x86 = Release|x86
		RelWithDebInfo|x64 = RelWithDebInfo|x64
		RelWithDebInfo|x86 = RelWithDebInfo|x86
	EndGlobalSection
	GlobalSection(ProjectConfigurationPlatforms) = postSolution
		{ACB311A5-3BB8-41F4-AA98-552FFCA078F2}.Debug|x64.ActiveCfg = Debug|x64
		{ACB311A5-3BB8-41F4-AA98-552FFCA078F2}.Debug|x64.Build.0 = Debug|x64
		{ACB311A5-3BB8-41F4-AA98-552FFCA078F2}.Debug|x86.ActiveCfg = Debug|Win32
		{ACB311A5-3BB8-41F4-AA98-552FFCA078F2}.Debug|x86.Build.0 = Debug|Win32
		{ACB311A5-3BB8-41F4-AA98-552FFCA078F2}.MinSizeRel|x64.ActiveCfg = Release|x64
		{ACB311A5-3BB8-41F4-AA98-552FFCA078F2}.MinSizeRel|x64.Build.0 = Release|x64
		{ACB311A5-3BB8-41F4-AA98-552FFCA078F2}.MinSizeRel|x86.ActiveCfg = Release|Win32
		{ACB311A5-3BB8-41F4-AA98-552FFCA078F2}.MinSizeRel|x86.Build.0 = Release|Win32
		{ACB311A5-3BB8-41F4-AA98-552FFCA078F2}.Release|x64.ActiveCfg = Release|x64
		{ACB311A5-3BB8-41F4-AA98-552FFCA078F2}.Release|x64.Build.0 = Release|x64
		{ACB311A5-3BB8-41F4-AA98-552FFCA078F2}.Release|x86.ActiveCfg = Release|Win32
		{ACB311A5-3BB8-41F4-AA98-552FFCA078F2}.Release|x86.Build.0 = Release|Win32
		{ACB311A5-3BB8-41F4-AA98-552FFCA078F2}.RelWithDebInfo|x64.ActiveCfg = Release|x64
		{ACB311A5-3BB8-41F4-AA98-552FFCA078F2}.RelWithDebInfo|x64.Build.0 = Release|x64
		{ACB311A5-3BB8-41F4-AA98-552FFCA078F2}.RelWithDebInfo|x86.ActiveCfg = Release|Win32
		{ACB311A5-3BB8-41F4-AA98-552FFCA078F2}.RelWithDebInfo|x86.Build.0 = Release|Win32
		{FEB675FC-E9C3-40FD-B987-CC8BF85888EC}.Debug|x64.ActiveCfg = Debug|x64
		{FEB675FC-E9C3-40FD-B987-CC8BF85888EC}.Debug|x64.Build.0 = Debug|x64
		{FEB675FC-E9C3-40FD-B987-CC8BF85888EC}.Debug|x86.ActiveCfg = Debug|x64
		{FEB675FC-E9C3-40FD-B987-CC8BF85888EC}.MinSizeRel|x64.ActiveCfg = Release|x64
		{FEB675FC-E9C3-40FD-B987-CC8BF85888EC}.MinSizeRel|x64.Build.0 = Release|x64
		{FEB675FC-E9C3-40FD-B987-CC8BF85888EC}.MinSizeRel|x86.ActiveCfg = Release|x64
		{FEB675FC-E9C3-40FD-B987-CC8BF85888EC}.MinSizeRel|x86.Build.0 = Release|x64
		{FEB675FC-E9C3-40FD-B987-CC8BF85888EC}.Release|x64.ActiveCfg = Release|x64
		{FEB675FC-E9C3-40FD-B987-CC8BF85888EC}.Release|x64.Build.0 = Release|x64
		{FEB675FC-E9C3-40FD-B987-CC8BF85888EC}.Release|x86.ActiveCfg = Release|x64
		{FEB675FC-E9C3-40FD-B987-CC8BF85888EC}.RelWithDebInfo|x64.ActiveCfg = Release|x64
		{FEB675FC-E9C3-40FD-B987-CC8BF85888EC}.RelWithDebInfo|x64.Build.0 = Release|x64
		{FEB675FC-E9C3-40FD-B987-CC8BF85888EC}.RelWithDebInfo|x86.ActiveCfg = Release|x64
		{FEB675FC-E9C3-40FD-B987-CC8BF85888EC}.RelWithDebInfo|x86.Build.0 = Release|x64
		{014413C8-BE38-48A4-9F99-9C98A08BC668}.Debug|x64.ActiveCfg = Debug|x64
		{014413C8-BE38-48A4-9F99-9C98A08BC668}.Debug|x64.Build.0 = Debug|x64
		{014413C8-BE38-48A4-9F99-9C98A08BC668}.Debug|x86.ActiveCfg = Debug|Win32
		{014413C8-BE38-48A4-9F99-9C98A08BC668}.Debug|x86.Build.0 = Debug|Win32
		{014413C8-BE38-48A4-9F99-9C98A08BC668}.MinSizeRel|x64.ActiveCfg = Release|x64
		{014413C8-BE38-48A4-9F99-9C98A08BC668}.MinSizeRel|x64.Build.0 = Release|x64
		{014413C8-BE38-48A4-9F99-9C98A08BC668}.MinSizeRel|x86.ActiveCfg = Release|Win32
		{014413C8-BE38-48A4-9F99-9C98A08BC668}.MinSizeRel|x86.Build.0 = Release|Win32
		{014413C8-BE38-48A4-9F99-9C98A08BC668}.Release|x64.ActiveCfg = Release|x64
		{014413C8-BE38-48A4-9F99-9C98A08BC668}.Release|x64.Build.0 = Release|x64
		{014413C8-BE38-48A4-9F99-9C98A08BC668}.Release|x86.ActiveCfg = Release|Win32
		{014413C8-BE38-48A4-9F99-9C98A08BC668}.Release|x86.Build.0 = Release|Win32
		{014413C8-BE38-48A4-9F99-9C98A08BC668}.RelWithDebInfo|x64.ActiveCfg = Release|x64
		{014413C8-BE38-48A4-9F99-9C98A08BC668}.RelWithDebInfo|x64.Build.0 = Release|x64
		{014413C8-BE38-48A4-9F99-9C98A08BC668}.RelWithDebInfo|x86.ActiveCfg = Release|Win32
		{014413C8-BE38-48A4-9F99-9C98A08BC668}.RelWithDebInfo|x86.Build.0 = Release|Win32
		{61B7561F-1E85-4A06-8ABA-74E4F0EEEF34}.Debug|x64.ActiveCfg = Debug|x64
		{61B7561F-1E85-4A06-8ABA-74E4F0EEEF34}.Debug|x64.Build.0 = Debug|x64
		{61B7561F-1E85-4A06-8ABA-74E4F0EEEF34}.Debug|x86.ActiveCfg = Debug|x64
		{61B7561F-1E85-4A06-8ABA-74E4F0EEEF34}.MinSizeRel|x64.ActiveCfg = Release|x64
		{61B7561F-1E85-4A06-8ABA-74E4F0EEEF34}.MinSizeRel|x64.Build.0 = Release|x64
		{61B7561F-1E85-4A06-8ABA-74E4F0EEEF34}.MinSizeRel|x86.ActiveCfg = Release|x64
		{61B7561F-1E85-4A06-8ABA-74E4F0EEEF34}.MinSizeRel|x86.Build.0 = Release|x64
		{61B7561F-1E85-4A06-8ABA-74E4F0EEEF34}.Release|x64.ActiveCfg = Release|x64
		{61B7561F-1E85-4A06-8ABA-74E4F0EEEF34}.Release|x64.Build.0 = Release|x64
		{61B7561F-1E85-4A06-8ABA-74E4F0EEEF34}.Release|x86.ActiveCfg = Release|x64
		{61B7561F-1E85-4A06-8ABA-74E4F0EEEF34}.RelWithDebInfo|x64.ActiveCfg = Release|x64
		{61B7561F-1E85-4A06-8ABA-74E4F0EEEF34}.RelWithDebInfo|x64.Build.0 = Release|x64
		{61B7561F-1E85-4A06-8ABA-74E4F0EEEF34}.RelWithDebInfo|x86.ActiveCfg = Release|x64
		{61B7561F-1E85-4A06-8ABA-74E4F0EEEF34}.RelWithDebInfo|x86.Build.0 = Release|x64
		{8A5AA9D0-27A7-4A8A-A389-1ED29AF7F08C}.Debug|x64.ActiveCfg = Debug|x64
		{8A5AA9D0-27A7-4A8A-A389-1ED29AF7F08C}.Debug|x64.Build.0 = Debug|x64
		{8A5AA9D0-27A7-4A8A-A389-1ED29AF7F08C}.Debug|x86.ActiveCfg = Debug|x64
		{8A5AA9D0-27A7-4A8A-A389-1ED29AF7F08C}.MinSizeRel|x64.ActiveCfg = Release|x64
		{8A5AA9D0-27A7-4A8A-A389-1ED29AF7F08C}.MinSizeRel|x64.Build.0 = Release|x64
		{8A5AA9D0-27A7-4A8A-A389-1ED29AF7F08C}.MinSizeRel|x86.ActiveCfg = Release|x64
		{8A5AA9D0-27A7-4A8A-A389-1ED29AF7F08C}.MinSizeRel|x86.Build.0 = Release|x64
		{8A5AA9D0-27A7-4A8A-A389-1ED29AF7F08C}.Release|x64.ActiveCfg = Release|x64
		{8A5AA9D0-27A7-4A8A-A389-1ED29AF7F08C}.Release|x64.Build.0 = Release|x64
		{8A5AA9D0-27A7-4A8A-A389-1ED29AF7F08C}.Release|x86.ActiveCfg = Release|x64
		{8A5AA9D0-27A7-4A8A-A389-1ED29AF7F08C}.RelWithDebInfo|x64.ActiveCfg = Release|x64
		{8A5AA9D0-27A7-4A8A-A389-1ED29AF7F08C}.RelWithDebInfo|x64.Build.0 = Release|x64
		{8A5AA9D0-27A7-4A8A-A389-1ED29AF7F08C}.RelWithDebInfo|x86.ActiveCfg = Release|x64
		{8A5AA9D0-27A7-4A8A-A389-1ED29AF7F08C}.RelWithDebInfo|x86.Build.0 = Release|x64
		{55A522FB-4950-488F-9B8A-2CD625A9AA15}.Debug|x64.ActiveCfg = Debug|x64
		{55A522FB-4950-488F-9B8A-2CD625A9AA15}.Debug|x64.Build.0 = Debug|x64
		{55A522FB-4950-488F-9B8A-2CD625A9AA15}.Debug|x86.ActiveCfg = Debug|Win32
		{55A522FB-4950-488F-9B8A-2CD625A9AA15}.Debug|x86.Build.0 = Debug|Win32
		{55A522FB-4950-488F-9B8A-2CD625A9AA15}.MinSizeRel|x64.ActiveCfg = Release|x64
		{55A522FB-4950-488F-9B8A-2CD625A9AA15}.MinSizeRel|x64.Build.0 = Release|x64
		{55A522FB-4950-488F-9B8A-2CD625A9AA15}.MinSizeRel|x86.ActiveCfg = Release|Win32
		{55A522FB-4950-488F-9B8A-2CD625A9AA15}.MinSizeRel|x86.Build.0 = Release|Win32
		{55A522FB-4950-488F-9B8A-2CD625A9AA15}.Release|x64.ActiveCfg = Release|x64
		{55A522FB-4950-488F-9B8A-2CD625A9AA15}.Release|x64.Build.0 = Release|x64
		{55A522FB-4950-488F-9B8A-2CD625A9AA15}.Release|x86.ActiveCfg = Release|Win32
		{55A522FB-4950-488F-9B8A-2CD625A9AA15}.Release|x86.Build.0 = Release|Win32
		{55A522FB-4950-488F-9B8A-2CD625A9AA15}.RelWithDebInfo|x64.ActiveCfg = Release|x64
		{55A522FB-4950-488F-9B8A-2CD625A9AA15}.RelWithDebInfo|x64.Build.0 = Release|x64
		{55A522FB-4950-488F-9B8A-2CD625A9AA15}.RelWithDebInfo|x86.ActiveCfg = Release|Win32
		{55A522FB-4950-488F-9B8A-2CD625A9AA15}.RelWithDebInfo|x86.Build.0 = Release|Win32
		{3695B232-419E-46F9-98FE-8BDE862F6DC1}.Debug|x64.ActiveCfg = Debug|x64
		{3695B232-419E-46F9-98FE-8BDE862F6DC1}.Debug|x64.Build.0 = Debug|x64
		{3695B232-419E-46F9-98FE-8BDE862F6DC1}.Debug|x86.ActiveCfg = Debug|x64
		{3695B232-419E-46F9-98FE-8BDE862F6DC1}.MinSizeRel|x64.ActiveCfg = Release|x64
		{3695B232-419E-46F9-98FE-8BDE862F6DC1}.MinSizeRel|x64.Build.0 = Release|x64
		{3695B232-419E-46F9-98FE-8BDE862F6DC1}.MinSizeRel|x86.ActiveCfg = Release|x64
		{3695B232-419E-46F9-98FE-8BDE862F6DC1}.MinSizeRel|x86.Build.0 = Release|x64
		{3695B232-419E-46F9-98FE-8BDE862F6DC1}.Release|x64.ActiveCfg = Release|x64
		{3695B232-419E-46F9-98FE-8BDE862F6DC1}.Release|x64.Build.0 = Release|x64
		{3695B232-419E-46F9-98FE-8BDE862F6DC1}.Release|x86.ActiveCfg = Release|x64
		{3695B232-419E-46F9-98FE-8BDE862F6DC1}.RelWithDebInfo|x64.ActiveCfg = Release|x64
		{3695B232-419E-46F9-98FE-8BDE862F6DC1}.RelWithDebInfo|x64.Build.0 = Release|x64
		{3695B232-419E-46F9-98FE-8BDE862F6DC1}.RelWithDebInfo|x86.ActiveCfg = Release|x64
		{3695B232-419E-46F9-98FE-8BDE862F6DC1}.RelWithDebInfo|x86.Build.0 = Release|x64
		{8F7F5DD3-9DD7-3108-BC1F-477092B67281}.Debug|x64.ActiveCfg = Debug|x64
		{8F7F5DD3-9DD7-3108-BC1F-477092B67281}.Debug|x64.Build.0 = Debug|x64
		{8F7F5DD3-9DD7-3108-BC1F-477092B67281}.Debug|x86.ActiveCfg = Debug|x64
		{8F7F5DD3-9DD7-3108-BC1F-477092B67281}.MinSizeRel|x64.ActiveCfg = MinSizeRel|x64
		{8F7F5DD3-9DD7-3108-BC1F-477092B67281}.MinSizeRel|x64.Build.0 = MinSizeRel|x64
		{8F7F5DD3-9DD7-3108-BC1F-477092B67281}.MinSizeRel|x86.ActiveCfg = MinSizeRel|x64
		{8F7F5DD3-9DD7-3108-BC1F-477092B67281}.Release|x64.ActiveCfg = Release|x64
		{8F7F5DD3-9DD7-3108-BC1F-477092B67281}.Release|x64.Build.0 = Release|x64
		{8F7F5DD3-9DD7-3108-BC1F-477092B67281}.Release|x86.ActiveCfg = Release|x64
		{8F7F5DD3-9DD7-3108-BC1F-477092B67281}.RelWithDebInfo|x64.ActiveCfg = RelWithDebInfo|x64
		{8F7F5DD3-9DD7-3108-BC1F-477092B67281}.RelWithDebInfo|x64.Build.0 = RelWithDebInfo|x64
		{8F7F5DD3-9DD7-3108-BC1F-477092B67281}.RelWithDebInfo|x86.ActiveCfg = RelWithDebInfo|x64
	EndGlobalSection
	GlobalSection(SolutionProperties) = preSolution
		HideSolutionNode = FALSE
	EndGlobalSection
	GlobalSection(ExtensibilityGlobals) = postSolution
		SolutionGuid = {44180EE1-DC91-4D3C-8F90-5808CB4D5D40}
	EndGlobalSection
EndGlobal
